
Microsoft Visual Studio Solution File, Format Version 12.00
# Visual Studio Version 16
VisualStudioVersion = 16.0.31321.278
MinimumVisualStudioVersion = 10.0.40219.1
Project("{FAE04EC0-301F-11D3-BF4B-00C04F79EFBC}") = "Movies.API", "Movies.API\Movies.API.csproj", "{D67D3BC4-821F-4952-BE23-8B283B0A854F}"
EndProject
Global
	GlobalSection(SolutionConfigurationPlatforms) = preSolution
		Debug|Any CPU = Debug|Any CPU
		Release|Any CPU = Release|Any CPU
	EndGlobalSection
	GlobalSection(ProjectConfigurationPlatforms) = postSolution
		{D67D3BC4-821F-4952-BE23-8B283B0A854F}.Debug|Any CPU.ActiveCfg = Debug|Any CPU
		{D67D3BC4-821F-4952-BE23-8B283B0A854F}.Debug|Any CPU.Build.0 = Debug|Any CPU
		{D67D3BC4-821F-4952-BE23-8B283B0A854F}.Release|Any CPU.ActiveCfg = Release|Any CPU
		{D67D3BC4-821F-4952-BE23-8B283B0A854F}.Release|Any CPU.Build.0 = Release|Any CPU
	EndGlobalSection
	GlobalSection(SolutionProperties) = preSolution
		HideSolutionNode = FALSE
	EndGlobalSection
	GlobalSection(ExtensibilityGlobals) = postSolution
		SolutionGuid = {471EBB60-B8AC-46ED-ACF6-7ABFC68EBE42}
	EndGlobalSection
EndGlobal
